
Microsoft Visual Studio Solution File, Format Version 12.00
# Visual Studio Version 17
VisualStudioVersion = 17.1.32210.238
MinimumVisualStudioVersion = 10.0.40219.1
Project("{FAE04EC0-301F-11D3-BF4B-00C04F79EFBC}") = "Movie_EF", "Movie_EF\Movie_EF.csproj", "{053FD287-D67F-4754-838C-BC5C8FEF8F15}"
EndProject
Global
	GlobalSection(SolutionConfigurationPlatforms) = preSolution
		Debug|Any CPU = Debug|Any CPU
		Release|Any CPU = Release|Any CPU
	EndGlobalSection
	GlobalSection(ProjectConfigurationPlatforms) = postSolution
		{053FD287-D67F-4754-838C-BC5C8FEF8F15}.Debug|Any CPU.ActiveCfg = Debug|Any CPU
		{053FD287-D67F-4754-838C-BC5C8FEF8F15}.Debug|Any CPU.Build.0 = Debug|Any CPU
		{053FD287-D67F-4754-838C-BC5C8FEF8F15}.Release|Any CPU.ActiveCfg = Release|Any CPU
		{053FD287-D67F-4754-838C-BC5C8FEF8F15}.Release|Any CPU.Build.0 = Release|Any CPU
	EndGlobalSection
	GlobalSection(SolutionProperties) = preSolution
		HideSolutionNode = FALSE
	EndGlobalSection
	GlobalSection(ExtensibilityGlobals) = postSolution
		SolutionGuid = {E9D7EBA5-57B3-40A9-AA17-603E8346D495}
	EndGlobalSection
EndGlobal
